
Microsoft Visual Studio Solution File, Format Version 12.00
# Visual Studio 14
VisualStudioVersion = 14.0.25123.0
MinimumVisualStudioVersion = 10.0.40219.1
Project("{2150E333-8FDC-42A3-9474-1A3956D46DE8}") = "src", "src", "{F410FFE6-0A26-43C3-B83F-8D61A030215C}"
EndProject
Project("{2150E333-8FDC-42A3-9474-1A3956D46DE8}") = "Solution Items", "Solution Items", "{3405F118-2E49-45C4-B29F-208956EB4849}"
	ProjectSection(SolutionItems) = preProject
		global.json = global.json
	EndProjectSection
EndProject
Project("{8BB2217D-0F2D-49D1-97BC-3654ED321F3B}") = "TravelBlog", "src\TravelBlog\TravelBlog.xproj", "{A422B25F-608F-4A60-9257-F230354B082D}"
EndProject
Global
	GlobalSection(SolutionConfigurationPlatforms) = preSolution
		Debug|Any CPU = Debug|Any CPU
		Release|Any CPU = Release|Any CPU
	EndGlobalSection
	GlobalSection(ProjectConfigurationPlatforms) = postSolution
		{A422B25F-608F-4A60-9257-F230354B082D}.Debug|Any CPU.ActiveCfg = Debug|Any CPU
		{A422B25F-608F-4A60-9257-F230354B082D}.Debug|Any CPU.Build.0 = Debug|Any CPU
		{A422B25F-608F-4A60-9257-F230354B082D}.Release|Any CPU.ActiveCfg = Release|Any CPU
		{A422B25F-608F-4A60-9257-F230354B082D}.Release|Any CPU.Build.0 = Release|Any CPU
	EndGlobalSection
	GlobalSection(SolutionProperties) = preSolution
		HideSolutionNode = FALSE
	EndGlobalSection
	GlobalSection(NestedProjects) = preSolution
		{A422B25F-608F-4A60-9257-F230354B082D} = {F410FFE6-0A26-43C3-B83F-8D61A030215C}
	EndGlobalSection
EndGlobal
